
Microsoft Visual Studio Solution File, Format Version 12.00
# Visual Studio Version 17
VisualStudioVersion = 17.14.36414.22
MinimumVisualStudioVersion = 10.0.40219.1
Project("{2150E333-8FDC-42A3-9474-1A3956D46DE8}") = "01.Core", "01.Core", "{02EA681E-C7D8-13C7-8484-4AC65E1B71E8}"
EndProject
Project("{2150E333-8FDC-42A3-9474-1A3956D46DE8}") = "02.Infrastructure", "02.Infrastructure", "{2F3EE977-6F00-4058-B92B-28DB5D857E2F}"
EndProject
Project("{2150E333-8FDC-42A3-9474-1A3956D46DE8}") = "03.Hardware", "03.Hardware", "{939068FC-5E33-4982-A45D-1D40F9234580}"
EndProject
Project("{2150E333-8FDC-42A3-9474-1A3956D46DE8}") = "04.Business", "04.Business", "{DF1B625E-FEEF-46E7-947C-2BE925EE6637}"
EndProject
Project("{2150E333-8FDC-42A3-9474-1A3956D46DE8}") = "05.Simulation", "05.Simulation", "{E9C9CC4B-D7D8-4A37-8D33-566BF5FAA52B}"
EndProject
Project("{2150E333-8FDC-42A3-9474-1A3956D46DE8}") = "06.UI", "06.UI", "{ED500D10-3768-4F73-B4C0-681589503848}"
EndProject
Project("{2150E333-8FDC-42A3-9474-1A3956D46DE8}") = "07.Tests", "07.Tests", "{23B542FD-9496-4515-BC0D-E03B8764DBD9}"
EndProject
Project("{2150E333-8FDC-42A3-9474-1A3956D46DE8}") = "Demo", "Demo", "{27E6A060-5D0E-4D0C-BB66-331B75948A43}"
EndProject
Project("{FAE04EC0-301F-11D3-BF4B-00C04F79EFBC}") = "Industrial.Core", "Industrial.Core\Industrial.Core.csproj", "{F9901463-5D89-4676-971E-AB40C13DB25A}"
EndProject
Project("{FAE04EC0-301F-11D3-BF4B-00C04F79EFBC}") = "Industrial.Common", "Industrial.Common\Industrial.Common.csproj", "{F4C1AFA6-71D0-4428-8F4B-786019F9EE6E}"
EndProject
Project("{FAE04EC0-301F-11D3-BF4B-00C04F79EFBC}") = "Industrial.Configuration", "Industrial.Configuration\Industrial.Configuration.csproj", "{74B77171-F79E-474E-A0B2-B98538A190F9}"
EndProject
Project("{FAE04EC0-301F-11D3-BF4B-00C04F79EFBC}") = "Industrial.Database", "Industrial.Database\Industrial.Database.csproj", "{E6DFD532-4B14-44E3-B8A2-8AE4459BF081}"
EndProject
Project("{FAE04EC0-301F-11D3-BF4B-00C04F79EFBC}") = "Industrial.EventBus", "Industrial.EventBus\Industrial.EventBus.csproj", "{A742AA8B-10D9-4D55-A732-E2EF9732AFDD}"
EndProject
Project("{FAE04EC0-301F-11D3-BF4B-00C04F79EFBC}") = "Industrial.Logging", "Industrial.Logging\Industrial.Logging.csproj", "{79961C2D-D743-42AF-9378-74C58531698F}"
EndProject
Project("{FAE04EC0-301F-11D3-BF4B-00C04F79EFBC}") = "Industrial.Motion.ACS", "Industrial.ACS\Industrial.Motion.ACS.csproj", "{CED54F0E-CEDA-4015-B55E-4AB55C9A488B}"
EndProject
Project("{FAE04EC0-301F-11D3-BF4B-00C04F79EFBC}") = "Industrial.Motion.Aerotech", "Industrial.Aerotech\Industrial.Motion.Aerotech.csproj", "{E12B643A-B8EA-4BCE-93E6-B5E9EA4B39F6}"
EndProject
Project("{FAE04EC0-301F-11D3-BF4B-00C04F79EFBC}") = "Industrial.Instrument.Abstractions", "Industrial.Instrument\Industrial.Instrument.Abstractions.csproj", "{10E1F0ED-B9A9-419C-B478-3E8BC80F73E1}"
EndProject
Project("{FAE04EC0-301F-11D3-BF4B-00C04F79EFBC}") = "Industrial.IO", "Industrial.IO\Industrial.IO.csproj", "{0879E159-4A67-4444-9B47-7C8826E98FFE}"
EndProject
Project("{FAE04EC0-301F-11D3-BF4B-00C04F79EFBC}") = "Industrial.Motion.Abstractions", "Industrial.Motion\Industrial.Motion.Abstractions.csproj", "{A5CB2A6F-4B17-45B7-949F-71F2A46094BD}"
EndProject
Project("{FAE04EC0-301F-11D3-BF4B-00C04F79EFBC}") = "Industrial.PLC.Abstractions", "Industrial.PLC\Industrial.PLC.Abstractions.csproj", "{754A29F8-D603-45FC-A185-AD1DF6EBED90}"
EndProject
Project("{FAE04EC0-301F-11D3-BF4B-00C04F79EFBC}") = "Industrial.SECSGEM", "Industrial.SECSGEM\Industrial.SECSGEM.csproj", "{034FE345-21A3-4A05-A8EE-DB487C4D9F2E}"
EndProject
Project("{FAE04EC0-301F-11D3-BF4B-00C04F79EFBC}") = "Industrial.Vision.Abstractions", "Industrial.Vision\Industrial.Vision.Abstractions.csproj", "{EAB2A7A1-CBA8-4D8F-8F34-4D452A30D6CA}"
EndProject
Project("{FAE04EC0-301F-11D3-BF4B-00C04F79EFBC}") = "Industrial.Alarm", "Industrial.Alarm\Industrial.Alarm.csproj", "{DFDB10D7-98D1-48B2-9E93-8DBF7250D836}"
EndProject
Project("{FAE04EC0-301F-11D3-BF4B-00C04F79EFBC}") = "Industrial.MES", "Industrial.MES\Industrial.MES.csproj", "{5D6A912A-489C-45BD-A1F2-3599FB6AF5A4}"
EndProject
Project("{FAE04EC0-301F-11D3-BF4B-00C04F79EFBC}") = "Industrial.Recipe", "Industrial.Recipe\Industrial.Recipe.csproj", "{76D473B8-6C6E-40F9-B5C6-9BF18DEBE582}"
EndProject
Project("{FAE04EC0-301F-11D3-BF4B-00C04F79EFBC}") = "Industrial.SPC", "Industrial.SPC\Industrial.SPC.csproj", "{3C85720C-BCB0-43AB-9575-5B4FB939F8D8}"
EndProject
Project("{FAE04EC0-301F-11D3-BF4B-00C04F79EFBC}") = "Industrial.TestFlow", "Industrial.TestFlow\Industrial.TestFlow.csproj", "{A23520BE-0F30-4B57-9354-EF9CCE4E4D88}"
EndProject
Project("{FAE04EC0-301F-11D3-BF4B-00C04F79EFBC}") = "Industrial.Simulation", "Industrial.Simulation\Industrial.Simulation.csproj", "{F7938AD9-FCD8-498E-A242-802FC116AE41}"
EndProject
Project("{FAE04EC0-301F-11D3-BF4B-00C04F79EFBC}") = "Industrial.UI.WinForms", "Industrial.UI.WinForms\Industrial.UI.WinForms.csproj", "{E79DDFBE-7D1D-4080-BAB9-2EF8647CCD05}"
EndProject
Project("{2150E333-8FDC-42A3-9474-1A3956D46DE8}") = "Motion", "Motion", "{C602A865-D059-47FE-A6B0-9B1400C0D298}"
EndProject
Project("{FAE04EC0-301F-11D3-BF4B-00C04F79EFBC}") = "Industrial.Motion.Core", "Industrial.Motion.Core\Industrial.Motion.Core.csproj", "{8434C84F-821A-4CAE-8ADC-28F6EE1926D4}"
EndProject
Project("{FAE04EC0-301F-11D3-BF4B-00C04F79EFBC}") = "Industrial.Motion.Simulation", "Industrial.Motion.Simulation\Industrial.Motion.Simulation.csproj", "{2B129337-E734-44AF-A748-7F5F1D61A1AC}"
EndProject
Project("{FAE04EC0-301F-11D3-BF4B-00C04F79EFBC}") = "Industrial.Motion.Replay", "Industrial.Motion.Replay\Industrial.Motion.Replay.csproj", "{89D17F70-BCAD-4C08-9496-10F1A68DC833}"
EndProject
Project("{FAE04EC0-301F-11D3-BF4B-00C04F79EFBC}") = "Industrial.Motion.Delta", "Industrial.Motion.Delta\Industrial.Motion.Delta.csproj", "{D000FFD7-CF17-4E69-ACAB-FD6AE41F565E}"
EndProject
Project("{FAE04EC0-301F-11D3-BF4B-00C04F79EFBC}") = "Industrial.Motion.Beckhoff", "Industrial.Motion.Beckhoff\Industrial.Motion.Beckhoff.csproj", "{0A6B6F90-AA07-4E68-99F8-22A5832BC9C4}"
EndProject
Project("{FAE04EC0-301F-11D3-BF4B-00C04F79EFBC}") = "Industrial.Motion.Adlink", "Industrial.Motion.Adlink\Industrial.Motion.Adlink.csproj", "{BD82330B-A15C-42D1-857E-3C61663CCFF7}"
EndProject
Project("{FAE04EC0-301F-11D3-BF4B-00C04F79EFBC}") = "Industrial.Motion.Inovance", "Industrial.Motion.Inovance\Industrial.Motion.Inovance.csproj", "{969EA2A2-AAC0-4318-AF7F-CAEBBDAEBE2F}"
EndProject
Project("{FAE04EC0-301F-11D3-BF4B-00C04F79EFBC}") = "Industrial.Motion.Manager", "Industrial.Motion.Manager\Industrial.Motion.Manager.csproj", "{B008AECD-BCC8-4D5D-914D-D4F59F7FE693}"
EndProject
Project("{2150E333-8FDC-42A3-9474-1A3956D46DE8}") = "Drivers", "Drivers", "{F5B5F5FD-DFDF-4C77-8D07-413B7DD00BA7}"
EndProject
Project("{2150E333-8FDC-42A3-9474-1A3956D46DE8}") = "PLC", "PLC", "{950DFD01-BF70-4760-9B51-012232B366C4}"
EndProject
Project("{FAE04EC0-301F-11D3-BF4B-00C04F79EFBC}") = "Industrial.PLC.Core", "Industrial.PLC.Core\Industrial.PLC.Core.csproj", "{0936CD15-DA7A-4E3D-B1AD-6966DF990ABD}"
EndProject
Project("{2150E333-8FDC-42A3-9474-1A3956D46DE8}") = "Drivers", "Drivers", "{D43F31AC-A99A-4663-8D7D-1F71FC866C48}"
EndProject
Project("{FAE04EC0-301F-11D3-BF4B-00C04F79EFBC}") = "Industrial.PLC.Modbus", "PLC.Modbus\Industrial.PLC.Modbus.csproj", "{6E086846-60FA-47E8-A75A-6E9D28EEA5E5}"
EndProject
Project("{2150E333-8FDC-42A3-9474-1A3956D46DE8}") = "Vision", "Vision", "{1712A605-E5BE-484D-8DE3-54DB99AD718A}"
EndProject
Project("{FAE04EC0-301F-11D3-BF4B-00C04F79EFBC}") = "Industrial.Vision.Core", "Industrial.Vision.Core\Industrial.Vision.Core.csproj", "{11C26085-B2A0-4BC8-A1D4-D7485D17597E}"
EndProject
Project("{FAE04EC0-301F-11D3-BF4B-00C04F79EFBC}") = "Industrial.Vision.Algorithm", "Industrial.Vision.Algorithm\Industrial.Vision.Algorithm.csproj", "{9D75117D-885D-417A-B0C9-54216BD4EA4F}"
EndProject
Project("{2150E333-8FDC-42A3-9474-1A3956D46DE8}") = "Drivers", "Drivers", "{D3C03550-4E47-48AB-AA3D-D6A05FF4E36D}"
EndProject
Project("{FAE04EC0-301F-11D3-BF4B-00C04F79EFBC}") = "Industrial.Vision.HIK", "Vision.HIK\Industrial.Vision.HIK.csproj", "{790F744C-7CCE-42B5-AC77-BE3DE1B127D7}"
EndProject
Project("{2150E333-8FDC-42A3-9474-1A3956D46DE8}") = "Instrument", "Instrument", "{CE87C591-D9B9-4E47-A4D4-BB7891E6F275}"
EndProject
Project("{FAE04EC0-301F-11D3-BF4B-00C04F79EFBC}") = "Industrial.Instrument.Core", "Industrial.Instrument.Core\Industrial.Instrument.Core.csproj", "{3A7F2E12-BD5A-4C0F-B35E-2A5B484C0070}"
EndProject
Project("{FAE04EC0-301F-11D3-BF4B-00C04F79EFBC}") = "Industrial.Instrument.Simulation", "Industrial.Instrument.Simulation\Industrial.Instrument.Simulation.csproj", "{0534762F-AD67-42D8-98A0-AD12DE222CE3}"
EndProject
Project("{2150E333-8FDC-42A3-9474-1A3956D46DE8}") = "Drivers", "Drivers", "{A0200973-2DB9-43CA-ADDF-78BDF72A56E0}"
EndProject
Project("{FAE04EC0-301F-11D3-BF4B-00C04F79EFBC}") = "Industrial.Instrument.NI", "Instrument.NI\Industrial.Instrument.NI.csproj", "{3A6700E0-2F79-4738-BACB-B999DCE0C51C}"
EndProject
Project("{FAE04EC0-301F-11D3-BF4B-00C04F79EFBC}") = "Industrial.PLC.Simulation", "Industrial.PLC.Simulation\Industrial.PLC.Simulation.csproj", "{E3F273ED-D44A-49BA-80CD-13031C4556EA}"
EndProject
Project("{FAE04EC0-301F-11D3-BF4B-00C04F79EFBC}") = "Industrial.Vision.Simulation", "Industrial.Vision.Simulation\Industrial.Vision.Simulation.csproj", "{7C5DBD02-9914-4330-8E73-D2E93A6A325C}"
EndProject
Project("{FAE04EC0-301F-11D3-BF4B-00C04F79EFBC}") = "Industrial.WorkFlow", "Industrial.WorkFlow\Industrial.WorkFlow.csproj", "{05E5B84E-6CD0-4DC2-8E32-44F83FAD9990}"
EndProject
Project("{FAE04EC0-301F-11D3-BF4B-00C04F79EFBC}") = "Industrial.Plugin", "Industrial.Plugin\Industrial.Plugin.csproj", "{807A7693-B0A8-4B02-8340-994D1F51637A}"
EndProject
Project("{FAE04EC0-301F-11D3-BF4B-00C04F79EFBC}") = "Industrial.DI", "Industrial.DI\Industrial.DI.csproj", "{8FC9DDF2-A7A1-43DE-B8E0-7BD79B1C1113}"
EndProject
Project("{FAE04EC0-301F-11D3-BF4B-00C04F79EFBC}") = "Industrial.Device", "Industrial.Device\Industrial.Device.csproj", "{84E95404-C966-4AC4-858F-AAC72D78346E}"
EndProject
Project("{FAE04EC0-301F-11D3-BF4B-00C04F79EFBC}") = "Industrial.Contracts", "Industrial.Contracts\Industrial.Contracts.csproj", "{750527BB-ED0A-4994-8187-84E36C2A3925}"
EndProject
Global
	GlobalSection(SolutionConfigurationPlatforms) = preSolution
		Debug|Any CPU = Debug|Any CPU
		Release|Any CPU = Release|Any CPU
	EndGlobalSection
	GlobalSection(ProjectConfigurationPlatforms) = postSolution
		{F9901463-5D89-4676-971E-AB40C13DB25A}.Debug|Any CPU.ActiveCfg = Debug|Any CPU
		{F9901463-5D89-4676-971E-AB40C13DB25A}.Debug|Any CPU.Build.0 = Debug|Any CPU
		{F9901463-5D89-4676-971E-AB40C13DB25A}.Release|Any CPU.ActiveCfg = Release|Any CPU
		{F9901463-5D89-4676-971E-AB40C13DB25A}.Release|Any CPU.Build.0 = Release|Any CPU
		{F4C1AFA6-71D0-4428-8F4B-786019F9EE6E}.Debug|Any CPU.ActiveCfg = Debug|Any CPU
		{F4C1AFA6-71D0-4428-8F4B-786019F9EE6E}.Debug|Any CPU.Build.0 = Debug|Any CPU
		{F4C1AFA6-71D0-4428-8F4B-786019F9EE6E}.Release|Any CPU.ActiveCfg = Release|Any CPU
		{F4C1AFA6-71D0-4428-8F4B-786019F9EE6E}.Release|Any CPU.Build.0 = Release|Any CPU
		{74B77171-F79E-474E-A0B2-B98538A190F9}.Debug|Any CPU.ActiveCfg = Debug|Any CPU
		{74B77171-F79E-474E-A0B2-B98538A190F9}.Debug|Any CPU.Build.0 = Debug|Any CPU
		{74B77171-F79E-474E-A0B2-B98538A190F9}.Release|Any CPU.ActiveCfg = Release|Any CPU
		{74B77171-F79E-474E-A0B2-B98538A190F9}.Release|Any CPU.Build.0 = Release|Any CPU
		{E6DFD532-4B14-44E3-B8A2-8AE4459BF081}.Debug|Any CPU.ActiveCfg = Debug|Any CPU
		{E6DFD532-4B14-44E3-B8A2-8AE4459BF081}.Debug|Any CPU.Build.0 = Debug|Any CPU
		{E6DFD532-4B14-44E3-B8A2-8AE4459BF081}.Release|Any CPU.ActiveCfg = Release|Any CPU
		{E6DFD532-4B14-44E3-B8A2-8AE4459BF081}.Release|Any CPU.Build.0 = Release|Any CPU
		{A742AA8B-10D9-4D55-A732-E2EF9732AFDD}.Debug|Any CPU.ActiveCfg = Debug|Any CPU
		{A742AA8B-10D9-4D55-A732-E2EF9732AFDD}.Debug|Any CPU.Build.0 = Debug|Any CPU
		{A742AA8B-10D9-4D55-A732-E2EF9732AFDD}.Release|Any CPU.ActiveCfg = Release|Any CPU
		{A742AA8B-10D9-4D55-A732-E2EF9732AFDD}.Release|Any CPU.Build.0 = Release|Any CPU
		{79961C2D-D743-42AF-9378-74C58531698F}.Debug|Any CPU.ActiveCfg = Debug|Any CPU
		{79961C2D-D743-42AF-9378-74C58531698F}.Debug|Any CPU.Build.0 = Debug|Any CPU
		{79961C2D-D743-42AF-9378-74C58531698F}.Release|Any CPU.ActiveCfg = Release|Any CPU
		{79961C2D-D743-42AF-9378-74C58531698F}.Release|Any CPU.Build.0 = Release|Any CPU
		{CED54F0E-CEDA-4015-B55E-4AB55C9A488B}.Debug|Any CPU.ActiveCfg = Debug|Any CPU
		{CED54F0E-CEDA-4015-B55E-4AB55C9A488B}.Debug|Any CPU.Build.0 = Debug|Any CPU
		{CED54F0E-CEDA-4015-B55E-4AB55C9A488B}.Release|Any CPU.ActiveCfg = Release|Any CPU
		{CED54F0E-CEDA-4015-B55E-4AB55C9A488B}.Release|Any CPU.Build.0 = Release|Any CPU
		{E12B643A-B8EA-4BCE-93E6-B5E9EA4B39F6}.Debug|Any CPU.ActiveCfg = Debug|Any CPU
		{E12B643A-B8EA-4BCE-93E6-B5E9EA4B39F6}.Debug|Any CPU.Build.0 = Debug|Any CPU
		{E12B643A-B8EA-4BCE-93E6-B5E9EA4B39F6}.Release|Any CPU.ActiveCfg = Release|Any CPU
		{E12B643A-B8EA-4BCE-93E6-B5E9EA4B39F6}.Release|Any CPU.Build.0 = Release|Any CPU
		{10E1F0ED-B9A9-419C-B478-3E8BC80F73E1}.Debug|Any CPU.ActiveCfg = Debug|Any CPU
		{10E1F0ED-B9A9-419C-B478-3E8BC80F73E1}.Debug|Any CPU.Build.0 = Debug|Any CPU
		{10E1F0ED-B9A9-419C-B478-3E8BC80F73E1}.Release|Any CPU.ActiveCfg = Release|Any CPU
		{10E1F0ED-B9A9-419C-B478-3E8BC80F73E1}.Release|Any CPU.Build.0 = Release|Any CPU
		{0879E159-4A67-4444-9B47-7C8826E98FFE}.Debug|Any CPU.ActiveCfg = Debug|Any CPU
		{0879E159-4A67-4444-9B47-7C8826E98FFE}.Debug|Any CPU.Build.0 = Debug|Any CPU
		{0879E159-4A67-4444-9B47-7C8826E98FFE}.Release|Any CPU.ActiveCfg = Release|Any CPU
		{0879E159-4A67-4444-9B47-7C8826E98FFE}.Release|Any CPU.Build.0 = Release|Any CPU
		{A5CB2A6F-4B17-45B7-949F-71F2A46094BD}.Debug|Any CPU.ActiveCfg = Debug|Any CPU
		{A5CB2A6F-4B17-45B7-949F-71F2A46094BD}.Debug|Any CPU.Build.0 = Debug|Any CPU
		{A5CB2A6F-4B17-45B7-949F-71F2A46094BD}.Release|Any CPU.ActiveCfg = Release|Any CPU
		{A5CB2A6F-4B17-45B7-949F-71F2A46094BD}.Release|Any CPU.Build.0 = Release|Any CPU
		{754A29F8-D603-45FC-A185-AD1DF6EBED90}.Debug|Any CPU.ActiveCfg = Debug|Any CPU
		{754A29F8-D603-45FC-A185-AD1DF6EBED90}.Debug|Any CPU.Build.0 = Debug|Any CPU
		{754A29F8-D603-45FC-A185-AD1DF6EBED90}.Release|Any CPU.ActiveCfg = Release|Any CPU
		{754A29F8-D603-45FC-A185-AD1DF6EBED90}.Release|Any CPU.Build.0 = Release|Any CPU
		{034FE345-21A3-4A05-A8EE-DB487C4D9F2E}.Debug|Any CPU.ActiveCfg = Debug|Any CPU
		{034FE345-21A3-4A05-A8EE-DB487C4D9F2E}.Debug|Any CPU.Build.0 = Debug|Any CPU
		{034FE345-21A3-4A05-A8EE-DB487C4D9F2E}.Release|Any CPU.ActiveCfg = Release|Any CPU
		{034FE345-21A3-4A05-A8EE-DB487C4D9F2E}.Release|Any CPU.Build.0 = Release|Any CPU
		{EAB2A7A1-CBA8-4D8F-8F34-4D452A30D6CA}.Debug|Any CPU.ActiveCfg = Debug|Any CPU
		{EAB2A7A1-CBA8-4D8F-8F34-4D452A30D6CA}.Debug|Any CPU.Build.0 = Debug|Any CPU
		{EAB2A7A1-CBA8-4D8F-8F34-4D452A30D6CA}.Release|Any CPU.ActiveCfg = Release|Any CPU
		{EAB2A7A1-CBA8-4D8F-8F34-4D452A30D6CA}.Release|Any CPU.Build.0 = Release|Any CPU
		{DFDB10D7-98D1-48B2-9E93-8DBF7250D836}.Debug|Any CPU.ActiveCfg = Debug|Any CPU
		{DFDB10D7-98D1-48B2-9E93-8DBF7250D836}.Debug|Any CPU.Build.0 = Debug|Any CPU
		{DFDB10D7-98D1-48B2-9E93-8DBF7250D836}.Release|Any CPU.ActiveCfg = Release|Any CPU
		{DFDB10D7-98D1-48B2-9E93-8DBF7250D836}.Release|Any CPU.Build.0 = Release|Any CPU
		{5D6A912A-489C-45BD-A1F2-3599FB6AF5A4}.Debug|Any CPU.ActiveCfg = Debug|Any CPU
		{5D6A912A-489C-45BD-A1F2-3599FB6AF5A4}.Debug|Any CPU.Build.0 = Debug|Any CPU
		{5D6A912A-489C-45BD-A1F2-3599FB6AF5A4}.Release|Any CPU.ActiveCfg = Release|Any CPU
		{5D6A912A-489C-45BD-A1F2-3599FB6AF5A4}.Release|Any CPU.Build.0 = Release|Any CPU
		{76D473B8-6C6E-40F9-B5C6-9BF18DEBE582}.Debug|Any CPU.ActiveCfg = Debug|Any CPU
		{76D473B8-6C6E-40F9-B5C6-9BF18DEBE582}.Debug|Any CPU.Build.0 = Debug|Any CPU
		{76D473B8-6C6E-40F9-B5C6-9BF18DEBE582}.Release|Any CPU.ActiveCfg = Release|Any CPU
		{76D473B8-6C6E-40F9-B5C6-9BF18DEBE582}.Release|Any CPU.Build.0 = Release|Any CPU
		{3C85720C-BCB0-43AB-9575-5B4FB939F8D8}.Debug|Any CPU.ActiveCfg = Debug|Any CPU
		{3C85720C-BCB0-43AB-9575-5B4FB939F8D8}.Debug|Any CPU.Build.0 = Debug|Any CPU
		{3C85720C-BCB0-43AB-9575-5B4FB939F8D8}.Release|Any CPU.ActiveCfg = Release|Any CPU
		{3C85720C-BCB0-43AB-9575-5B4FB939F8D8}.Release|Any CPU.Build.0 = Release|Any CPU
		{A23520BE-0F30-4B57-9354-EF9CCE4E4D88}.Debug|Any CPU.ActiveCfg = Debug|Any CPU
		{A23520BE-0F30-4B57-9354-EF9CCE4E4D88}.Debug|Any CPU.Build.0 = Debug|Any CPU
		{A23520BE-0F30-4B57-9354-EF9CCE4E4D88}.Release|Any CPU.ActiveCfg = Release|Any CPU
		{A23520BE-0F30-4B57-9354-EF9CCE4E4D88}.Release|Any CPU.Build.0 = Release|Any CPU
		{F7938AD9-FCD8-498E-A242-802FC116AE41}.Debug|Any CPU.ActiveCfg = Debug|Any CPU
		{F7938AD9-FCD8-498E-A242-802FC116AE41}.Debug|Any CPU.Build.0 = Debug|Any CPU
		{F7938AD9-FCD8-498E-A242-802FC116AE41}.Release|Any CPU.ActiveCfg = Release|Any CPU
		{F7938AD9-FCD8-498E-A242-802FC116AE41}.Release|Any CPU.Build.0 = Release|Any CPU
		{E79DDFBE-7D1D-4080-BAB9-2EF8647CCD05}.Debug|Any CPU.ActiveCfg = Debug|Any CPU
		{E79DDFBE-7D1D-4080-BAB9-2EF8647CCD05}.Debug|Any CPU.Build.0 = Debug|Any CPU
		{E79DDFBE-7D1D-4080-BAB9-2EF8647CCD05}.Release|Any CPU.ActiveCfg = Release|Any CPU
		{E79DDFBE-7D1D-4080-BAB9-2EF8647CCD05}.Release|Any CPU.Build.0 = Release|Any CPU
		{8434C84F-821A-4CAE-8ADC-28F6EE1926D4}.Debug|Any CPU.ActiveCfg = Debug|Any CPU
		{8434C84F-821A-4CAE-8ADC-28F6EE1926D4}.Debug|Any CPU.Build.0 = Debug|Any CPU
		{8434C84F-821A-4CAE-8ADC-28F6EE1926D4}.Release|Any CPU.ActiveCfg = Release|Any CPU
		{8434C84F-821A-4CAE-8ADC-28F6EE1926D4}.Release|Any CPU.Build.0 = Release|Any CPU
		{2B129337-E734-44AF-A748-7F5F1D61A1AC}.Debug|Any CPU.ActiveCfg = Debug|Any CPU
		{2B129337-E734-44AF-A748-7F5F1D61A1AC}.Debug|Any CPU.Build.0 = Debug|Any CPU
		{2B129337-E734-44AF-A748-7F5F1D61A1AC}.Release|Any CPU.ActiveCfg = Release|Any CPU
		{2B129337-E734-44AF-A748-7F5F1D61A1AC}.Release|Any CPU.Build.0 = Release|Any CPU
		{89D17F70-BCAD-4C08-9496-10F1A68DC833}.Debug|Any CPU.ActiveCfg = Debug|Any CPU
		{89D17F70-BCAD-4C08-9496-10F1A68DC833}.Debug|Any CPU.Build.0 = Debug|Any CPU
		{89D17F70-BCAD-4C08-9496-10F1A68DC833}.Release|Any CPU.ActiveCfg = Release|Any CPU
		{89D17F70-BCAD-4C08-9496-10F1A68DC833}.Release|Any CPU.Build.0 = Release|Any CPU
		{D000FFD7-CF17-4E69-ACAB-FD6AE41F565E}.Debug|Any CPU.ActiveCfg = Debug|Any CPU
		{D000FFD7-CF17-4E69-ACAB-FD6AE41F565E}.Debug|Any CPU.Build.0 = Debug|Any CPU
		{D000FFD7-CF17-4E69-ACAB-FD6AE41F565E}.Release|Any CPU.ActiveCfg = Release|Any CPU
		{D000FFD7-CF17-4E69-ACAB-FD6AE41F565E}.Release|Any CPU.Build.0 = Release|Any CPU
		{0A6B6F90-AA07-4E68-99F8-22A5832BC9C4}.Debug|Any CPU.ActiveCfg = Debug|Any CPU
		{0A6B6F90-AA07-4E68-99F8-22A5832BC9C4}.Debug|Any CPU.Build.0 = Debug|Any CPU
		{0A6B6F90-AA07-4E68-99F8-22A5832BC9C4}.Release|Any CPU.ActiveCfg = Release|Any CPU
		{0A6B6F90-AA07-4E68-99F8-22A5832BC9C4}.Release|Any CPU.Build.0 = Release|Any CPU
		{BD82330B-A15C-42D1-857E-3C61663CCFF7}.Debug|Any CPU.ActiveCfg = Debug|Any CPU
		{BD82330B-A15C-42D1-857E-3C61663CCFF7}.Debug|Any CPU.Build.0 = Debug|Any CPU
		{BD82330B-A15C-42D1-857E-3C61663CCFF7}.Release|Any CPU.ActiveCfg = Release|Any CPU
		{BD82330B-A15C-42D1-857E-3C61663CCFF7}.Release|Any CPU.Build.0 = Release|Any CPU
		{969EA2A2-AAC0-4318-AF7F-CAEBBDAEBE2F}.Debug|Any CPU.ActiveCfg = Debug|Any CPU
		{969EA2A2-AAC0-4318-AF7F-CAEBBDAEBE2F}.Debug|Any CPU.Build.0 = Debug|Any CPU
		{969EA2A2-AAC0-4318-AF7F-CAEBBDAEBE2F}.Release|Any CPU.ActiveCfg = Release|Any CPU
		{969EA2A2-AAC0-4318-AF7F-CAEBBDAEBE2F}.Release|Any CPU.Build.0 = Release|Any CPU
		{B008AECD-BCC8-4D5D-914D-D4F59F7FE693}.Debug|Any CPU.ActiveCfg = Debug|Any CPU
		{B008AECD-BCC8-4D5D-914D-D4F59F7FE693}.Debug|Any CPU.Build.0 = Debug|Any CPU
		{B008AECD-BCC8-4D5D-914D-D4F59F7FE693}.Release|Any CPU.ActiveCfg = Release|Any CPU
		{B008AECD-BCC8-4D5D-914D-D4F59F7FE693}.Release|Any CPU.Build.0 = Release|Any CPU
		{0936CD15-DA7A-4E3D-B1AD-6966DF990ABD}.Debug|Any CPU.ActiveCfg = Debug|Any CPU
		{0936CD15-DA7A-4E3D-B1AD-6966DF990ABD}.Debug|Any CPU.Build.0 = Debug|Any CPU
		{0936CD15-DA7A-4E3D-B1AD-6966DF990ABD}.Release|Any CPU.ActiveCfg = Release|Any CPU
		{0936CD15-DA7A-4E3D-B1AD-6966DF990ABD}.Release|Any CPU.Build.0 = Release|Any CPU
		{6E086846-60FA-47E8-A75A-6E9D28EEA5E5}.Debug|Any CPU.ActiveCfg = Debug|Any CPU
		{6E086846-60FA-47E8-A75A-6E9D28EEA5E5}.Debug|Any CPU.Build.0 = Debug|Any CPU
		{6E086846-60FA-47E8-A75A-6E9D28EEA5E5}.Release|Any CPU.ActiveCfg = Release|Any CPU
		{6E086846-60FA-47E8-A75A-6E9D28EEA5E5}.Release|Any CPU.Build.0 = Release|Any CPU
		{11C26085-B2A0-4BC8-A1D4-D7485D17597E}.Debug|Any CPU.ActiveCfg = Debug|Any CPU
		{11C26085-B2A0-4BC8-A1D4-D7485D17597E}.Debug|Any CPU.Build.0 = Debug|Any CPU
		{11C26085-B2A0-4BC8-A1D4-D7485D17597E}.Release|Any CPU.ActiveCfg = Release|Any CPU
		{11C26085-B2A0-4BC8-A1D4-D7485D17597E}.Release|Any CPU.Build.0 = Release|Any CPU
		{9D75117D-885D-417A-B0C9-54216BD4EA4F}.Debug|Any CPU.ActiveCfg = Debug|Any CPU
		{9D75117D-885D-417A-B0C9-54216BD4EA4F}.Debug|Any CPU.Build.0 = Debug|Any CPU
		{9D75117D-885D-417A-B0C9-54216BD4EA4F}.Release|Any CPU.ActiveCfg = Release|Any CPU
		{9D75117D-885D-417A-B0C9-54216BD4EA4F}.Release|Any CPU.Build.0 = Release|Any CPU
		{790F744C-7CCE-42B5-AC77-BE3DE1B127D7}.Debug|Any CPU.ActiveCfg = Debug|Any CPU
		{790F744C-7CCE-42B5-AC77-BE3DE1B127D7}.Debug|Any CPU.Build.0 = Debug|Any CPU
		{790F744C-7CCE-42B5-AC77-BE3DE1B127D7}.Release|Any CPU.ActiveCfg = Release|Any CPU
		{790F744C-7CCE-42B5-AC77-BE3DE1B127D7}.Release|Any CPU.Build.0 = Release|Any CPU
		{3A7F2E12-BD5A-4C0F-B35E-2A5B484C0070}.Debug|Any CPU.ActiveCfg = Debug|Any CPU
		{3A7F2E12-BD5A-4C0F-B35E-2A5B484C0070}.Debug|Any CPU.Build.0 = Debug|Any CPU
		{3A7F2E12-BD5A-4C0F-B35E-2A5B484C0070}.Release|Any CPU.ActiveCfg = Release|Any CPU
		{3A7F2E12-BD5A-4C0F-B35E-2A5B484C0070}.Release|Any CPU.Build.0 = Release|Any CPU
		{0534762F-AD67-42D8-98A0-AD12DE222CE3}.Debug|Any CPU.ActiveCfg = Debug|Any CPU
		{0534762F-AD67-42D8-98A0-AD12DE222CE3}.Debug|Any CPU.Build.0 = Debug|Any CPU
		{0534762F-AD67-42D8-98A0-AD12DE222CE3}.Release|Any CPU.ActiveCfg = Release|Any CPU
		{0534762F-AD67-42D8-98A0-AD12DE222CE3}.Release|Any CPU.Build.0 = Release|Any CPU
		{3A6700E0-2F79-4738-BACB-B999DCE0C51C}.Debug|Any CPU.ActiveCfg = Debug|Any CPU
		{3A6700E0-2F79-4738-BACB-B999DCE0C51C}.Debug|Any CPU.Build.0 = Debug|Any CPU
		{3A6700E0-2F79-4738-BACB-B999DCE0C51C}.Release|Any CPU.ActiveCfg = Release|Any CPU
		{3A6700E0-2F79-4738-BACB-B999DCE0C51C}.Release|Any CPU.Build.0 = Release|Any CPU
		{E3F273ED-D44A-49BA-80CD-13031C4556EA}.Debug|Any CPU.ActiveCfg = Debug|Any CPU
		{E3F273ED-D44A-49BA-80CD-13031C4556EA}.Debug|Any CPU.Build.0 = Debug|Any CPU
		{E3F273ED-D44A-49BA-80CD-13031C4556EA}.Release|Any CPU.ActiveCfg = Release|Any CPU
		{E3F273ED-D44A-49BA-80CD-13031C4556EA}.Release|Any CPU.Build.0 = Release|Any CPU
		{7C5DBD02-9914-4330-8E73-D2E93A6A325C}.Debug|Any CPU.ActiveCfg = Debug|Any CPU
		{7C5DBD02-9914-4330-8E73-D2E93A6A325C}.Debug|Any CPU.Build.0 = Debug|Any CPU
		{7C5DBD02-9914-4330-8E73-D2E93A6A325C}.Release|Any CPU.ActiveCfg = Release|Any CPU
		{7C5DBD02-9914-4330-8E73-D2E93A6A325C}.Release|Any CPU.Build.0 = Release|Any CPU
		{05E5B84E-6CD0-4DC2-8E32-44F83FAD9990}.Debug|Any CPU.ActiveCfg = Debug|Any CPU
		{05E5B84E-6CD0-4DC2-8E32-44F83FAD9990}.Debug|Any CPU.Build.0 = Debug|Any CPU
		{05E5B84E-6CD0-4DC2-8E32-44F83FAD9990}.Release|Any CPU.ActiveCfg = Release|Any CPU
		{05E5B84E-6CD0-4DC2-8E32-44F83FAD9990}.Release|Any CPU.Build.0 = Release|Any CPU
		{807A7693-B0A8-4B02-8340-994D1F51637A}.Debug|Any CPU.ActiveCfg = Debug|Any CPU
		{807A7693-B0A8-4B02-8340-994D1F51637A}.Debug|Any CPU.Build.0 = Debug|Any CPU
		{807A7693-B0A8-4B02-8340-994D1F51637A}.Release|Any CPU.ActiveCfg = Release|Any CPU
		{807A7693-B0A8-4B02-8340-994D1F51637A}.Release|Any CPU.Build.0 = Release|Any CPU
		{8FC9DDF2-A7A1-43DE-B8E0-7BD79B1C1113}.Debug|Any CPU.ActiveCfg = Debug|Any CPU
		{8FC9DDF2-A7A1-43DE-B8E0-7BD79B1C1113}.Debug|Any CPU.Build.0 = Debug|Any CPU
		{8FC9DDF2-A7A1-43DE-B8E0-7BD79B1C1113}.Release|Any CPU.ActiveCfg = Release|Any CPU
		{8FC9DDF2-A7A1-43DE-B8E0-7BD79B1C1113}.Release|Any CPU.Build.0 = Release|Any CPU
		{84E95404-C966-4AC4-858F-AAC72D78346E}.Debug|Any CPU.ActiveCfg = Debug|Any CPU
		{84E95404-C966-4AC4-858F-AAC72D78346E}.Debug|Any CPU.Build.0 = Debug|Any CPU
		{84E95404-C966-4AC4-858F-AAC72D78346E}.Release|Any CPU.ActiveCfg = Release|Any CPU
		{84E95404-C966-4AC4-858F-AAC72D78346E}.Release|Any CPU.Build.0 = Release|Any CPU
		{750527BB-ED0A-4994-8187-84E36C2A3925}.Debug|Any CPU.ActiveCfg = Debug|Any CPU
		{750527BB-ED0A-4994-8187-84E36C2A3925}.Debug|Any CPU.Build.0 = Debug|Any CPU
		{750527BB-ED0A-4994-8187-84E36C2A3925}.Release|Any CPU.ActiveCfg = Release|Any CPU
		{750527BB-ED0A-4994-8187-84E36C2A3925}.Release|Any CPU.Build.0 = Release|Any CPU
	EndGlobalSection
	GlobalSection(SolutionProperties) = preSolution
		HideSolutionNode = FALSE
	EndGlobalSection
	GlobalSection(NestedProjects) = preSolution
		{F9901463-5D89-4676-971E-AB40C13DB25A} = {02EA681E-C7D8-13C7-8484-4AC65E1B71E8}
		{F4C1AFA6-71D0-4428-8F4B-786019F9EE6E} = {02EA681E-C7D8-13C7-8484-4AC65E1B71E8}
		{74B77171-F79E-474E-A0B2-B98538A190F9} = {2F3EE977-6F00-4058-B92B-28DB5D857E2F}
		{E6DFD532-4B14-44E3-B8A2-8AE4459BF081} = {2F3EE977-6F00-4058-B92B-28DB5D857E2F}
		{A742AA8B-10D9-4D55-A732-E2EF9732AFDD} = {2F3EE977-6F00-4058-B92B-28DB5D857E2F}
		{79961C2D-D743-42AF-9378-74C58531698F} = {2F3EE977-6F00-4058-B92B-28DB5D857E2F}
		{CED54F0E-CEDA-4015-B55E-4AB55C9A488B} = {F5B5F5FD-DFDF-4C77-8D07-413B7DD00BA7}
		{E12B643A-B8EA-4BCE-93E6-B5E9EA4B39F6} = {F5B5F5FD-DFDF-4C77-8D07-413B7DD00BA7}
		{10E1F0ED-B9A9-419C-B478-3E8BC80F73E1} = {CE87C591-D9B9-4E47-A4D4-BB7891E6F275}
		{0879E159-4A67-4444-9B47-7C8826E98FFE} = {939068FC-5E33-4982-A45D-1D40F9234580}
		{A5CB2A6F-4B17-45B7-949F-71F2A46094BD} = {C602A865-D059-47FE-A6B0-9B1400C0D298}
		{754A29F8-D603-45FC-A185-AD1DF6EBED90} = {950DFD01-BF70-4760-9B51-012232B366C4}
		{034FE345-21A3-4A05-A8EE-DB487C4D9F2E} = {939068FC-5E33-4982-A45D-1D40F9234580}
		{EAB2A7A1-CBA8-4D8F-8F34-4D452A30D6CA} = {1712A605-E5BE-484D-8DE3-54DB99AD718A}
		{DFDB10D7-98D1-48B2-9E93-8DBF7250D836} = {DF1B625E-FEEF-46E7-947C-2BE925EE6637}
		{5D6A912A-489C-45BD-A1F2-3599FB6AF5A4} = {DF1B625E-FEEF-46E7-947C-2BE925EE6637}
		{76D473B8-6C6E-40F9-B5C6-9BF18DEBE582} = {DF1B625E-FEEF-46E7-947C-2BE925EE6637}
		{3C85720C-BCB0-43AB-9575-5B4FB939F8D8} = {DF1B625E-FEEF-46E7-947C-2BE925EE6637}
		{A23520BE-0F30-4B57-9354-EF9CCE4E4D88} = {DF1B625E-FEEF-46E7-947C-2BE925EE6637}
		{F7938AD9-FCD8-498E-A242-802FC116AE41} = {E9C9CC4B-D7D8-4A37-8D33-566BF5FAA52B}
		{E79DDFBE-7D1D-4080-BAB9-2EF8647CCD05} = {ED500D10-3768-4F73-B4C0-681589503848}
		{C602A865-D059-47FE-A6B0-9B1400C0D298} = {939068FC-5E33-4982-A45D-1D40F9234580}
		{8434C84F-821A-4CAE-8ADC-28F6EE1926D4} = {C602A865-D059-47FE-A6B0-9B1400C0D298}
		{2B129337-E734-44AF-A748-7F5F1D61A1AC} = {C602A865-D059-47FE-A6B0-9B1400C0D298}
		{89D17F70-BCAD-4C08-9496-10F1A68DC833} = {C602A865-D059-47FE-A6B0-9B1400C0D298}
		{D000FFD7-CF17-4E69-ACAB-FD6AE41F565E} = {F5B5F5FD-DFDF-4C77-8D07-413B7DD00BA7}
		{0A6B6F90-AA07-4E68-99F8-22A5832BC9C4} = {F5B5F5FD-DFDF-4C77-8D07-413B7DD00BA7}
		{BD82330B-A15C-42D1-857E-3C61663CCFF7} = {F5B5F5FD-DFDF-4C77-8D07-413B7DD00BA7}
		{969EA2A2-AAC0-4318-AF7F-CAEBBDAEBE2F} = {F5B5F5FD-DFDF-4C77-8D07-413B7DD00BA7}
		{B008AECD-BCC8-4D5D-914D-D4F59F7FE693} = {C602A865-D059-47FE-A6B0-9B1400C0D298}
		{F5B5F5FD-DFDF-4C77-8D07-413B7DD00BA7} = {C602A865-D059-47FE-A6B0-9B1400C0D298}
		{950DFD01-BF70-4760-9B51-012232B366C4} = {939068FC-5E33-4982-A45D-1D40F9234580}
		{0936CD15-DA7A-4E3D-B1AD-6966DF990ABD} = {950DFD01-BF70-4760-9B51-012232B366C4}
		{D43F31AC-A99A-4663-8D7D-1F71FC866C48} = {950DFD01-BF70-4760-9B51-012232B366C4}
		{6E086846-60FA-47E8-A75A-6E9D28EEA5E5} = {D43F31AC-A99A-4663-8D7D-1F71FC866C48}
		{1712A605-E5BE-484D-8DE3-54DB99AD718A} = {939068FC-5E33-4982-A45D-1D40F9234580}
		{11C26085-B2A0-4BC8-A1D4-D7485D17597E} = {1712A605-E5BE-484D-8DE3-54DB99AD718A}
		{9D75117D-885D-417A-B0C9-54216BD4EA4F} = {1712A605-E5BE-484D-8DE3-54DB99AD718A}
		{D3C03550-4E47-48AB-AA3D-D6A05FF4E36D} = {1712A605-E5BE-484D-8DE3-54DB99AD718A}
		{790F744C-7CCE-42B5-AC77-BE3DE1B127D7} = {D3C03550-4E47-48AB-AA3D-D6A05FF4E36D}
		{CE87C591-D9B9-4E47-A4D4-BB7891E6F275} = {939068FC-5E33-4982-A45D-1D40F9234580}
		{3A7F2E12-BD5A-4C0F-B35E-2A5B484C0070} = {CE87C591-D9B9-4E47-A4D4-BB7891E6F275}
		{0534762F-AD67-42D8-98A0-AD12DE222CE3} = {CE87C591-D9B9-4E47-A4D4-BB7891E6F275}
		{A0200973-2DB9-43CA-ADDF-78BDF72A56E0} = {CE87C591-D9B9-4E47-A4D4-BB7891E6F275}
		{3A6700E0-2F79-4738-BACB-B999DCE0C51C} = {A0200973-2DB9-43CA-ADDF-78BDF72A56E0}
		{E3F273ED-D44A-49BA-80CD-13031C4556EA} = {950DFD01-BF70-4760-9B51-012232B366C4}
		{7C5DBD02-9914-4330-8E73-D2E93A6A325C} = {1712A605-E5BE-484D-8DE3-54DB99AD718A}
		{05E5B84E-6CD0-4DC2-8E32-44F83FAD9990} = {DF1B625E-FEEF-46E7-947C-2BE925EE6637}
		{807A7693-B0A8-4B02-8340-994D1F51637A} = {2F3EE977-6F00-4058-B92B-28DB5D857E2F}
		{8FC9DDF2-A7A1-43DE-B8E0-7BD79B1C1113} = {2F3EE977-6F00-4058-B92B-28DB5D857E2F}
		{84E95404-C966-4AC4-858F-AAC72D78346E} = {939068FC-5E33-4982-A45D-1D40F9234580}
		{750527BB-ED0A-4994-8187-84E36C2A3925} = {2F3EE977-6F00-4058-B92B-28DB5D857E2F}
	EndGlobalSection
	GlobalSection(ExtensibilityGlobals) = postSolution
		SolutionGuid = {7A173D81-E1A7-49E4-B62F-6E265110279C}
	EndGlobalSection
EndGlobal
